
Microsoft Visual Studio Solution File, Format Version 12.00
# Visual Studio Version 17
VisualStudioVersion = 17.6.33829.357
MinimumVisualStudioVersion = 10.0.40219.1
Project("{9A19103F-16F7-4668-BE54-9A1E7A4F7556}") = "OnlineKupovinaDB", "OnlineKupovinaDB\OnlineKupovinaDB.csproj", "{0FB11562-5D72-41AB-9E2D-0DEC5D52B8E6}"
EndProject
Project("{FAE04EC0-301F-11D3-BF4B-00C04F79EFBC}") = "OnlineKupovinaGUI", "OnlineKupovinaGUI\OnlineKupovinaGUI.csproj", "{4D0D770B-3014-46F1-9F7E-E69DAF0C633E}"
EndProject
Global
	GlobalSection(SolutionConfigurationPlatforms) = preSolution
		Debug|Any CPU = Debug|Any CPU
		Release|Any CPU = Release|Any CPU
	EndGlobalSection
	GlobalSection(ProjectConfigurationPlatforms) = postSolution
		{0FB11562-5D72-41AB-9E2D-0DEC5D52B8E6}.Debug|Any CPU.ActiveCfg = Debug|Any CPU
		{0FB11562-5D72-41AB-9E2D-0DEC5D52B8E6}.Debug|Any CPU.Build.0 = Debug|Any CPU
		{0FB11562-5D72-41AB-9E2D-0DEC5D52B8E6}.Release|Any CPU.ActiveCfg = Release|Any CPU
		{0FB11562-5D72-41AB-9E2D-0DEC5D52B8E6}.Release|Any CPU.Build.0 = Release|Any CPU
		{4D0D770B-3014-46F1-9F7E-E69DAF0C633E}.Debug|Any CPU.ActiveCfg = Debug|Any CPU
		{4D0D770B-3014-46F1-9F7E-E69DAF0C633E}.Debug|Any CPU.Build.0 = Debug|Any CPU
		{4D0D770B-3014-46F1-9F7E-E69DAF0C633E}.Release|Any CPU.ActiveCfg = Release|Any CPU
		{4D0D770B-3014-46F1-9F7E-E69DAF0C633E}.Release|Any CPU.Build.0 = Release|Any CPU
	EndGlobalSection
	GlobalSection(SolutionProperties) = preSolution
		HideSolutionNode = FALSE
	EndGlobalSection
	GlobalSection(ExtensibilityGlobals) = postSolution
		SolutionGuid = {5B10DADC-63B2-4063-9576-4EF7AC600273}
	EndGlobalSection
EndGlobal
